// !$*UTF8*$!
{
	archiveVersion = 1;
	classes = {
	};
	objectVersion = 50;
	objects = {

/* Begin PBXBuildFile section */
		9D5407D5792F00787CB5BD06 /* Pods_ForumApp.framework in Frameworks */ = {isa = PBXBuildFile; fileRef = 6A3B536C739671063FDCB4C5 /* Pods_ForumApp.framework */; };
		A84AD9F65F4D271317F64514 /* Pods_ForumAppUITests.framework in Frameworks */ = {isa = PBXBuildFile; fileRef = B3BEDE2FFE3AD3901C87C2F3 /* Pods_ForumAppUITests.framework */; };
		F03FB46620E0961A00D0B58F /* AppDelegate.swift in Sources */ = {isa = PBXBuildFile; fileRef = F03FB46520E0961A00D0B58F /* AppDelegate.swift */; };
		F03FB46820E0961A00D0B58F /* ViewController.swift in Sources */ = {isa = PBXBuildFile; fileRef = F03FB46720E0961A00D0B58F /* ViewController.swift */; };
		F03FB46B20E0961A00D0B58F /* Main.storyboard in Resources */ = {isa = PBXBuildFile; fileRef = F03FB46920E0961A00D0B58F /* Main.storyboard */; };
		F03FB46D20E0961D00D0B58F /* Assets.xcassets in Resources */ = {isa = PBXBuildFile; fileRef = F03FB46C20E0961D00D0B58F /* Assets.xcassets */; };
		F03FB47020E0961D00D0B58F /* LaunchScreen.storyboard in Resources */ = {isa = PBXBuildFile; fileRef = F03FB46E20E0961D00D0B58F /* LaunchScreen.storyboard */; };
		F03FB47B20E0961D00D0B58F /* ForumAppUITests.swift in Sources */ = {isa = PBXBuildFile; fileRef = F03FB47A20E0961D00D0B58F /* ForumAppUITests.swift */; };
		F03FB48720E0965000D0B58F /* LoginViewController.swift in Sources */ = {isa = PBXBuildFile; fileRef = F03FB48520E0965000D0B58F /* LoginViewController.swift */; };
		F03FB48820E0965000D0B58F /* LoginViewController.xib in Resources */ = {isa = PBXBuildFile; fileRef = F03FB48620E0965000D0B58F /* LoginViewController.xib */; };
		F03FB48B20E0982F00D0B58F /* Register.swift in Sources */ = {isa = PBXBuildFile; fileRef = F03FB48920E0982F00D0B58F /* Register.swift */; };
		F03FB48C20E0982F00D0B58F /* Register.xib in Resources */ = {isa = PBXBuildFile; fileRef = F03FB48A20E0982F00D0B58F /* Register.xib */; };
		F03FB49720E0A57900D0B58F /* RegisterPassword.swift in Sources */ = {isa = PBXBuildFile; fileRef = F03FB49520E0A57900D0B58F /* RegisterPassword.swift */; };
		F03FB49820E0A57900D0B58F /* RegisterPassword.xib in Resources */ = {isa = PBXBuildFile; fileRef = F03FB49620E0A57900D0B58F /* RegisterPassword.xib */; };
		F03FB4A720E0C9D900D0B58F /* HomePage.swift in Sources */ = {isa = PBXBuildFile; fileRef = F03FB4A520E0C9D900D0B58F /* HomePage.swift */; };
		F03FB4A820E0C9D900D0B58F /* HomePage.xib in Resources */ = {isa = PBXBuildFile; fileRef = F03FB4A620E0C9D900D0B58F /* HomePage.xib */; };
		F03FB4AF20E0D74C00D0B58F /* CellType.swift in Sources */ = {isa = PBXBuildFile; fileRef = F03FB4AD20E0D74C00D0B58F /* CellType.swift */; };
		F03FB4B020E0D74C00D0B58F /* CellType.xib in Resources */ = {isa = PBXBuildFile; fileRef = F03FB4AE20E0D74C00D0B58F /* CellType.xib */; };
		F03FB4ED20E607FF00D0B58F /* NewPost.swift in Sources */ = {isa = PBXBuildFile; fileRef = F03FB4EB20E607FF00D0B58F /* NewPost.swift */; };
		F03FB4EE20E607FF00D0B58F /* NewPost.xib in Resources */ = {isa = PBXBuildFile; fileRef = F03FB4EC20E607FF00D0B58F /* NewPost.xib */; };
		F03FB4F120E6178600D0B58F /* ViewPost.swift in Sources */ = {isa = PBXBuildFile; fileRef = F03FB4EF20E6178600D0B58F /* ViewPost.swift */; };
		F03FB4F220E6178600D0B58F /* ViewPost.xib in Resources */ = {isa = PBXBuildFile; fileRef = F03FB4F020E6178600D0B58F /* ViewPost.xib */; };
		F052E64821250B2600846F2E /* CommentsCellType.swift in Sources */ = {isa = PBXBuildFile; fileRef = F052E64621250B2600846F2E /* CommentsCellType.swift */; };
		F052E64921250B2600846F2E /* CommentsCellType.xib in Resources */ = {isa = PBXBuildFile; fileRef = F052E64721250B2600846F2E /* CommentsCellType.xib */; };
/* End PBXBuildFile section */

/* Begin PBXContainerItemProxy section */
		F03FB47720E0961D00D0B58F /* PBXContainerItemProxy */ = {
			isa = PBXContainerItemProxy;
			containerPortal = F03FB45A20E0961A00D0B58F /* Project object */;
			proxyType = 1;
			remoteGlobalIDString = F03FB46120E0961A00D0B58F;
			remoteInfo = ForumApp;
		};
/* End PBXContainerItemProxy section */

/* Begin PBXFileReference section */
		102E589F34432DC4CCA484B3 /* Pods-ForumAppUITests.debug.xcconfig */ = {isa = PBXFileReference; includeInIndex = 1; lastKnownFileType = text.xcconfig; name = "Pods-ForumAppUITests.debug.xcconfig"; path = "Pods/Target Support Files/Pods-ForumAppUITests/Pods-ForumAppUITests.debug.xcconfig"; sourceTree = "<group>"; };
		39CEC3EA53A771D6DFC8845E /* Pods-ForumAppUITests.release.xcconfig */ = {isa = PBXFileReference; includeInIndex = 1; lastKnownFileType = text.xcconfig; name = "Pods-ForumAppUITests.release.xcconfig"; path = "Pods/Target Support Files/Pods-ForumAppUITests/Pods-ForumAppUITests.release.xcconfig"; sourceTree = "<group>"; };
		637AFA953DEC835E2D14B493 /* Pods-ForumApp.debug.xcconfig */ = {isa = PBXFileReference; includeInIndex = 1; lastKnownFileType = text.xcconfig; name = "Pods-ForumApp.debug.xcconfig"; path = "Pods/Target Support Files/Pods-ForumApp/Pods-ForumApp.debug.xcconfig"; sourceTree = "<group>"; };
		6A3B536C739671063FDCB4C5 /* Pods_ForumApp.framework */ = {isa = PBXFileReference; explicitFileType = wrapper.framework; includeInIndex = 0; path = Pods_ForumApp.framework; sourceTree = BUILT_PRODUCTS_DIR; };
		7B0E56BCCE170EE903005503 /* Pods-ForumApp.release.xcconfig */ = {isa = PBXFileReference; includeInIndex = 1; lastKnownFileType = text.xcconfig; name = "Pods-ForumApp.release.xcconfig"; path = "Pods/Target Support Files/Pods-ForumApp/Pods-ForumApp.release.xcconfig"; sourceTree = "<group>"; };
		B3BEDE2FFE3AD3901C87C2F3 /* Pods_ForumAppUITests.framework */ = {isa = PBXFileReference; explicitFileType = wrapper.framework; includeInIndex = 0; path = Pods_ForumAppUITests.framework; sourceTree = BUILT_PRODUCTS_DIR; };
		F03FB46220E0961A00D0B58F /* ForumApp.app */ = {isa = PBXFileReference; explicitFileType = wrapper.application; includeInIndex = 0; path = ForumApp.app; sourceTree = BUILT_PRODUCTS_DIR; };
		F03FB46520E0961A00D0B58F /* AppDelegate.swift */ = {isa = PBXFileReference; lastKnownFileType = sourcecode.swift; path = AppDelegate.swift; sourceTree = "<group>"; };
		F03FB46720E0961A00D0B58F /* ViewController.swift */ = {isa = PBXFileReference; lastKnownFileType = sourcecode.swift; path = ViewController.swift; sourceTree = "<group>"; };
		F03FB46A20E0961A00D0B58F /* Base */ = {isa = PBXFileReference; lastKnownFileType = file.storyboard; name = Base; path = Base.lproj/Main.storyboard; sourceTree = "<group>"; };
		F03FB46C20E0961D00D0B58F /* Assets.xcassets */ = {isa = PBXFileReference; lastKnownFileType = folder.assetcatalog; path = Assets.xcassets; sourceTree = "<group>"; };
		F03FB46F20E0961D00D0B58F /* Base */ = {isa = PBXFileReference; lastKnownFileType = file.storyboard; name = Base; path = Base.lproj/LaunchScreen.storyboard; sourceTree = "<group>"; };
		F03FB47120E0961D00D0B58F /* Info.plist */ = {isa = PBXFileReference; lastKnownFileType = text.plist.xml; path = Info.plist; sourceTree = "<group>"; };
		F03FB47620E0961D00D0B58F /* ForumAppUITests.xctest */ = {isa = PBXFileReference; explicitFileType = wrapper.cfbundle; includeInIndex = 0; path = ForumAppUITests.xctest; sourceTree = BUILT_PRODUCTS_DIR; };
		F03FB47A20E0961D00D0B58F /* ForumAppUITests.swift */ = {isa = PBXFileReference; lastKnownFileType = sourcecode.swift; path = ForumAppUITests.swift; sourceTree = "<group>"; };
		F03FB47C20E0961D00D0B58F /* Info.plist */ = {isa = PBXFileReference; lastKnownFileType = text.plist.xml; path = Info.plist; sourceTree = "<group>"; };
		F03FB48520E0965000D0B58F /* LoginViewController.swift */ = {isa = PBXFileReference; lastKnownFileType = sourcecode.swift; path = LoginViewController.swift; sourceTree = "<group>"; };
		F03FB48620E0965000D0B58F /* LoginViewController.xib */ = {isa = PBXFileReference; lastKnownFileType = file.xib; path = LoginViewController.xib; sourceTree = "<group>"; };
		F03FB48920E0982F00D0B58F /* Register.swift */ = {isa = PBXFileReference; lastKnownFileType = sourcecode.swift; path = Register.swift; sourceTree = "<group>"; };
		F03FB48A20E0982F00D0B58F /* Register.xib */ = {isa = PBXFileReference; lastKnownFileType = file.xib; path = Register.xib; sourceTree = "<group>"; };
		F03FB49520E0A57900D0B58F /* RegisterPassword.swift */ = {isa = PBXFileReference; lastKnownFileType = sourcecode.swift; path = RegisterPassword.swift; sourceTree = "<group>"; };
		F03FB49620E0A57900D0B58F /* RegisterPassword.xib */ = {isa = PBXFileReference; lastKnownFileType = file.xib; path = RegisterPassword.xib; sourceTree = "<group>"; };
		F03FB4A520E0C9D900D0B58F /* HomePage.swift */ = {isa = PBXFileReference; lastKnownFileType = sourcecode.swift; path = HomePage.swift; sourceTree = "<group>"; };
		F03FB4A620E0C9D900D0B58F /* HomePage.xib */ = {isa = PBXFileReference; lastKnownFileType = file.xib; path = HomePage.xib; sourceTree = "<group>"; };
		F03FB4AD20E0D74C00D0B58F /* CellType.swift */ = {isa = PBXFileReference; lastKnownFileType = sourcecode.swift; path = CellType.swift; sourceTree = "<group>"; };
		F03FB4AE20E0D74C00D0B58F /* CellType.xib */ = {isa = PBXFileReference; lastKnownFileType = file.xib; path = CellType.xib; sourceTree = "<group>"; };
		F03FB4EB20E607FF00D0B58F /* NewPost.swift */ = {isa = PBXFileReference; lastKnownFileType = sourcecode.swift; path = NewPost.swift; sourceTree = "<group>"; };
		F03FB4EC20E607FF00D0B58F /* NewPost.xib */ = {isa = PBXFileReference; lastKnownFileType = file.xib; path = NewPost.xib; sourceTree = "<group>"; };
		F03FB4EF20E6178600D0B58F /* ViewPost.swift */ = {isa = PBXFileReference; lastKnownFileType = sourcecode.swift; path = ViewPost.swift; sourceTree = "<group>"; };
		F03FB4F020E6178600D0B58F /* ViewPost.xib */ = {isa = PBXFileReference; lastKnownFileType = file.xib; path = ViewPost.xib; sourceTree = "<group>"; };
		F052E64621250B2600846F2E /* CommentsCellType.swift */ = {isa = PBXFileReference; lastKnownFileType = sourcecode.swift; path = CommentsCellType.swift; sourceTree = "<group>"; };
		F052E64721250B2600846F2E /* CommentsCellType.xib */ = {isa = PBXFileReference; lastKnownFileType = file.xib; path = CommentsCellType.xib; sourceTree = "<group>"; };
/* End PBXFileReference section */

/* Begin PBXFrameworksBuildPhase section */
		F03FB45F20E0961A00D0B58F /* Frameworks */ = {
			isa = PBXFrameworksBuildPhase;
			buildActionMask = 2147483647;
			files = (
				9D5407D5792F00787CB5BD06 /* Pods_ForumApp.framework in Frameworks */,
			);
			runOnlyForDeploymentPostprocessing = 0;
		};
		F03FB47320E0961D00D0B58F /* Frameworks */ = {
			isa = PBXFrameworksBuildPhase;
			buildActionMask = 2147483647;
			files = (
				A84AD9F65F4D271317F64514 /* Pods_ForumAppUITests.framework in Frameworks */,
			);
			runOnlyForDeploymentPostprocessing = 0;
		};
/* End PBXFrameworksBuildPhase section */

/* Begin PBXGroup section */
		BB11A8FCCB9C4C4C2E7663AD /* Pods */ = {
			isa = PBXGroup;
			children = (
				637AFA953DEC835E2D14B493 /* Pods-ForumApp.debug.xcconfig */,
				7B0E56BCCE170EE903005503 /* Pods-ForumApp.release.xcconfig */,
				102E589F34432DC4CCA484B3 /* Pods-ForumAppUITests.debug.xcconfig */,
				39CEC3EA53A771D6DFC8845E /* Pods-ForumAppUITests.release.xcconfig */,
			);
			name = Pods;
			sourceTree = "<group>";
		};
		D7A668E1632F69C6B076BC95 /* Frameworks */ = {
			isa = PBXGroup;
			children = (
				6A3B536C739671063FDCB4C5 /* Pods_ForumApp.framework */,
				B3BEDE2FFE3AD3901C87C2F3 /* Pods_ForumAppUITests.framework */,
			);
			name = Frameworks;
			sourceTree = "<group>";
		};
		F03FB45920E0961A00D0B58F = {
			isa = PBXGroup;
			children = (
				F03FB46420E0961A00D0B58F /* ForumApp */,
				F03FB47920E0961D00D0B58F /* ForumAppUITests */,
				F03FB46320E0961A00D0B58F /* Products */,
				BB11A8FCCB9C4C4C2E7663AD /* Pods */,
				D7A668E1632F69C6B076BC95 /* Frameworks */,
			);
			sourceTree = "<group>";
		};
		F03FB46320E0961A00D0B58F /* Products */ = {
			isa = PBXGroup;
			children = (
				F03FB46220E0961A00D0B58F /* ForumApp.app */,
				F03FB47620E0961D00D0B58F /* ForumAppUITests.xctest */,
			);
			name = Products;
			sourceTree = "<group>";
		};
		F03FB46420E0961A00D0B58F /* ForumApp */ = {
			isa = PBXGroup;
			children = (
				F03FB46520E0961A00D0B58F /* AppDelegate.swift */,
				F03FB46720E0961A00D0B58F /* ViewController.swift */,
				F03FB46920E0961A00D0B58F /* Main.storyboard */,
				F03FB46C20E0961D00D0B58F /* Assets.xcassets */,
				F03FB46E20E0961D00D0B58F /* LaunchScreen.storyboard */,
				F03FB47120E0961D00D0B58F /* Info.plist */,
				F03FB4A520E0C9D900D0B58F /* HomePage.swift */,
				F03FB4A620E0C9D900D0B58F /* HomePage.xib */,
				F03FB4AD20E0D74C00D0B58F /* CellType.swift */,
				F03FB4AE20E0D74C00D0B58F /* CellType.xib */,
				F03FB4EB20E607FF00D0B58F /* NewPost.swift */,
				F03FB4EC20E607FF00D0B58F /* NewPost.xib */,
				F03FB4EF20E6178600D0B58F /* ViewPost.swift */,
				F03FB4F020E6178600D0B58F /* ViewPost.xib */,
				F052E64621250B2600846F2E /* CommentsCellType.swift */,
				F052E64721250B2600846F2E /* CommentsCellType.xib */,
				F03FB49420E0A54700D0B58F /* Login */,
			);
			path = ForumApp;
			sourceTree = "<group>";
		};
		F03FB47920E0961D00D0B58F /* ForumAppUITests */ = {
			isa = PBXGroup;
			children = (
				F03FB47A20E0961D00D0B58F /* ForumAppUITests.swift */,
				F03FB47C20E0961D00D0B58F /* Info.plist */,
			);
			path = ForumAppUITests;
			sourceTree = "<group>";
		};
		F03FB49420E0A54700D0B58F /* Login */ = {
			isa = PBXGroup;
			children = (
				F03FB48520E0965000D0B58F /* LoginViewController.swift */,
				F03FB48620E0965000D0B58F /* LoginViewController.xib */,
				F03FB48920E0982F00D0B58F /* Register.swift */,
				F03FB48A20E0982F00D0B58F /* Register.xib */,
				F03FB49520E0A57900D0B58F /* RegisterPassword.swift */,
				F03FB49620E0A57900D0B58F /* RegisterPassword.xib */,
			);
			path = Login;
			sourceTree = "<group>";
		};
/* End PBXGroup section */

/* Begin PBXNativeTarget section */
		F03FB46120E0961A00D0B58F /* ForumApp */ = {
			isa = PBXNativeTarget;
			buildConfigurationList = F03FB47F20E0961D00D0B58F /* Build configuration list for PBXNativeTarget "ForumApp" */;
			buildPhases = (
				513BD06C227590FA2CD9AD56 /* [CP] Check Pods Manifest.lock */,
				F03FB45E20E0961A00D0B58F /* Sources */,
				F03FB45F20E0961A00D0B58F /* Frameworks */,
				F03FB46020E0961A00D0B58F /* Resources */,
				9FE560EDD99B25FF3B7F9142 /* [CP] Embed Pods Frameworks */,
			);
			buildRules = (
			);
			dependencies = (
			);
			name = ForumApp;
			productName = ForumApp;
			productReference = F03FB46220E0961A00D0B58F /* ForumApp.app */;
			productType = "com.apple.product-type.application";
		};
		F03FB47520E0961D00D0B58F /* ForumAppUITests */ = {
			isa = PBXNativeTarget;
			buildConfigurationList = F03FB48220E0961D00D0B58F /* Build configuration list for PBXNativeTarget "ForumAppUITests" */;
			buildPhases = (
				6CC65B583653398DC1FC2253 /* [CP] Check Pods Manifest.lock */,
				F03FB47220E0961D00D0B58F /* Sources */,
				F03FB47320E0961D00D0B58F /* Frameworks */,
				F03FB47420E0961D00D0B58F /* Resources */,
			);
			buildRules = (
			);
			dependencies = (
				F03FB47820E0961D00D0B58F /* PBXTargetDependency */,
			);
			name = ForumAppUITests;
			productName = ForumAppUITests;
			productReference = F03FB47620E0961D00D0B58F /* ForumAppUITests.xctest */;
			productType = "com.apple.product-type.bundle.ui-testing";
		};
/* End PBXNativeTarget section */

/* Begin PBXProject section */
		F03FB45A20E0961A00D0B58F /* Project object */ = {
			isa = PBXProject;
			attributes = {
				LastSwiftUpdateCheck = 0940;
				LastUpgradeCheck = 0940;
				ORGANIZATIONNAME = "Noah Kiefer";
				TargetAttributes = {
					F03FB46120E0961A00D0B58F = {
						CreatedOnToolsVersion = 9.4.1;
						LastSwiftMigration = 1130;
					};
					F03FB47520E0961D00D0B58F = {
						CreatedOnToolsVersion = 9.4.1;
						LastSwiftMigration = 1130;
						TestTargetID = F03FB46120E0961A00D0B58F;
					};
				};
			};
			buildConfigurationList = F03FB45D20E0961A00D0B58F /* Build configuration list for PBXProject "ForumApp" */;
			compatibilityVersion = "Xcode 9.3";
			developmentRegion = en;
			hasScannedForEncodings = 0;
			knownRegions = (
				en,
				Base,
			);
			mainGroup = F03FB45920E0961A00D0B58F;
			productRefGroup = F03FB46320E0961A00D0B58F /* Products */;
			projectDirPath = "";
			projectRoot = "";
			targets = (
				F03FB46120E0961A00D0B58F /* ForumApp */,
				F03FB47520E0961D00D0B58F /* ForumAppUITests */,
			);
		};
/* End PBXProject section */

/* Begin PBXResourcesBuildPhase section */
		F03FB46020E0961A00D0B58F /* Resources */ = {
			isa = PBXResourcesBuildPhase;
			buildActionMask = 2147483647;
			files = (
				F03FB4F220E6178600D0B58F /* ViewPost.xib in Resources */,
				F03FB48C20E0982F00D0B58F /* Register.xib in Resources */,
				F03FB48820E0965000D0B58F /* LoginViewController.xib in Resources */,
				F03FB47020E0961D00D0B58F /* LaunchScreen.storyboard in Resources */,
				F052E64921250B2600846F2E /* CommentsCellType.xib in Resources */,
				F03FB49820E0A57900D0B58F /* RegisterPassword.xib in Resources */,
				F03FB4EE20E607FF00D0B58F /* NewPost.xib in Resources */,
				F03FB46D20E0961D00D0B58F /* Assets.xcassets in Resources */,
				F03FB4A820E0C9D900D0B58F /* HomePage.xib in Resources */,
				F03FB46B20E0961A00D0B58F /* Main.storyboard in Resources */,
				F03FB4B020E0D74C00D0B58F /* CellType.xib in Resources */,
			);
			runOnlyForDeploymentPostprocessing = 0;
		};
		F03FB47420E0961D00D0B58F /* Resources */ = {
			isa = PBXResourcesBuildPhase;
			buildActionMask = 2147483647;
			files = (
			);
			runOnlyForDeploymentPostprocessing = 0;
		};
/* End PBXResourcesBuildPhase section */

/* Begin PBXShellScriptBuildPhase section */
		513BD06C227590FA2CD9AD56 /* [CP] Check Pods Manifest.lock */ = {
			isa = PBXShellScriptBuildPhase;
			buildActionMask = 2147483647;
			files = (
			);
			inputPaths = (
				"${PODS_PODFILE_DIR_PATH}/Podfile.lock",
				"${PODS_ROOT}/Manifest.lock",
			);
			name = "[CP] Check Pods Manifest.lock";
			outputPaths = (
				"$(DERIVED_FILE_DIR)/Pods-ForumApp-checkManifestLockResult.txt",
			);
			runOnlyForDeploymentPostprocessing = 0;
			shellPath = /bin/sh;
			shellScript = "diff \"${PODS_PODFILE_DIR_PATH}/Podfile.lock\" \"${PODS_ROOT}/Manifest.lock\" > /dev/null\nif [ $? != 0 ] ; then\n    # print error to STDERR\n    echo \"error: The sandbox is not in sync with the Podfile.lock. Run 'pod install' or update your CocoaPods installation.\" >&2\n    exit 1\nfi\n# This output is used by Xcode 'outputs' to avoid re-running this script phase.\necho \"SUCCESS\" > \"${SCRIPT_OUTPUT_FILE_0}\"\n";
			showEnvVarsInLog = 0;
		};
		6CC65B583653398DC1FC2253 /* [CP] Check Pods Manifest.lock */ = {
			isa = PBXShellScriptBuildPhase;
			buildActionMask = 2147483647;
			files = (
			);
			inputPaths = (
				"${PODS_PODFILE_DIR_PATH}/Podfile.lock",
				"${PODS_ROOT}/Manifest.lock",
			);
			name = "[CP] Check Pods Manifest.lock";
			outputPaths = (
				"$(DERIVED_FILE_DIR)/Pods-ForumAppUITests-checkManifestLockResult.txt",
			);
			runOnlyForDeploymentPostprocessing = 0;
			shellPath = /bin/sh;
			shellScript = "diff \"${PODS_PODFILE_DIR_PATH}/Podfile.lock\" \"${PODS_ROOT}/Manifest.lock\" > /dev/null\nif [ $? != 0 ] ; then\n    # print error to STDERR\n    echo \"error: The sandbox is not in sync with the Podfile.lock. Run 'pod install' or update your CocoaPods installation.\" >&2\n    exit 1\nfi\n# This output is used by Xcode 'outputs' to avoid re-running this script phase.\necho \"SUCCESS\" > \"${SCRIPT_OUTPUT_FILE_0}\"\n";
			showEnvVarsInLog = 0;
		};
		9FE560EDD99B25FF3B7F9142 /* [CP] Embed Pods Frameworks */ = {
			isa = PBXShellScriptBuildPhase;
			buildActionMask = 2147483647;
			files = (
			);
			inputPaths = (
				"${SRCROOT}/Pods/Target Support Files/Pods-ForumApp/Pods-ForumApp-frameworks.sh",
				"${BUILT_PRODUCTS_DIR}/Alamofire/Alamofire.framework",
				"${BUILT_PRODUCTS_DIR}/SVProgressHUD/SVProgressHUD.framework",
				"${BUILT_PRODUCTS_DIR}/SwiftyJSON/SwiftyJSON.framework",
			);
			name = "[CP] Embed Pods Frameworks";
			outputPaths = (
				"${TARGET_BUILD_DIR}/${FRAMEWORKS_FOLDER_PATH}/Alamofire.framework",
				"${TARGET_BUILD_DIR}/${FRAMEWORKS_FOLDER_PATH}/SVProgressHUD.framework",
				"${TARGET_BUILD_DIR}/${FRAMEWORKS_FOLDER_PATH}/SwiftyJSON.framework",
			);
			runOnlyForDeploymentPostprocessing = 0;
			shellPath = /bin/sh;
			shellScript = "\"${SRCROOT}/Pods/Target Support Files/Pods-ForumApp/Pods-ForumApp-frameworks.sh\"\n";
			showEnvVarsInLog = 0;
		};
/* End PBXShellScriptBuildPhase section */

/* Begin PBXSourcesBuildPhase section */
		F03FB45E20E0961A00D0B58F /* Sources */ = {
			isa = PBXSourcesBuildPhase;
			buildActionMask = 2147483647;
			files = (
				F03FB4ED20E607FF00D0B58F /* NewPost.swift in Sources */,
				F052E64821250B2600846F2E /* CommentsCellType.swift in Sources */,
				F03FB48720E0965000D0B58F /* LoginViewController.swift in Sources */,
				F03FB4A720E0C9D900D0B58F /* HomePage.swift in Sources */,
				F03FB46820E0961A00D0B58F /* ViewController.swift in Sources */,
				F03FB4F120E6178600D0B58F /* ViewPost.swift in Sources */,
				F03FB48B20E0982F00D0B58F /* Register.swift in Sources */,
				F03FB4AF20E0D74C00D0B58F /* CellType.swift in Sources */,
				F03FB49720E0A57900D0B58F /* RegisterPassword.swift in Sources */,
				F03FB46620E0961A00D0B58F /* AppDelegate.swift in Sources */,
			);
			runOnlyForDeploymentPostprocessing = 0;
		};
		F03FB47220E0961D00D0B58F /* Sources */ = {
			isa = PBXSourcesBuildPhase;
			buildActionMask = 2147483647;
			files = (
				F03FB47B20E0961D00D0B58F /* ForumAppUITests.swift in Sources */,
			);
			runOnlyForDeploymentPostprocessing = 0;
		};
/* End PBXSourcesBuildPhase section */

/* Begin PBXTargetDependency section */
		F03FB47820E0961D00D0B58F /* PBXTargetDependency */ = {
			isa = PBXTargetDependency;
			target = F03FB46120E0961A00D0B58F /* ForumApp */;
			targetProxy = F03FB47720E0961D00D0B58F /* PBXContainerItemProxy */;
		};
/* End PBXTargetDependency section */

/* Begin PBXVariantGroup section */
		F03FB46920E0961A00D0B58F /* Main.storyboard */ = {
			isa = PBXVariantGroup;
			children = (
				F03FB46A20E0961A00D0B58F /* Base */,
			);
			name = Main.storyboard;
			sourceTree = "<group>";
		};
		F03FB46E20E0961D00D0B58F /* LaunchScreen.storyboard */ = {
			isa = PBXVariantGroup;
			children = (
				F03FB46F20E0961D00D0B58F /* Base */,
			);
			name = LaunchScreen.storyboard;
			sourceTree = "<group>";
		};
/* End PBXVariantGroup section */

/* Begin XCBuildConfiguration section */
		F03FB47D20E0961D00D0B58F /* Debug */ = {
			isa = XCBuildConfiguration;
			buildSettings = {
				ALWAYS_SEARCH_USER_PATHS = NO;
				CLANG_ANALYZER_NONNULL = YES;
				CLANG_ANALYZER_NUMBER_OBJECT_CONVERSION = YES_AGGRESSIVE;
				CLANG_CXX_LANGUAGE_STANDARD = "gnu++14";
				CLANG_CXX_LIBRARY = "libc++";
				CLANG_ENABLE_MODULES = YES;
				CLANG_ENABLE_OBJC_ARC = YES;
				CLANG_ENABLE_OBJC_WEAK = YES;
				CLANG_WARN_BLOCK_CAPTURE_AUTORELEASING = YES;
				CLANG_WARN_BOOL_CONVERSION = YES;
				CLANG_WARN_COMMA = YES;
				CLANG_WARN_CONSTANT_CONVERSION = YES;
				CLANG_WARN_DEPRECATED_OBJC_IMPLEMENTATIONS = YES;
				CLANG_WARN_DIRECT_OBJC_ISA_USAGE = YES_ERROR;
				CLANG_WARN_DOCUMENTATION_COMMENTS = YES;
				CLANG_WARN_EMPTY_BODY = YES;
				CLANG_WARN_ENUM_CONVERSION = YES;
				CLANG_WARN_INFINITE_RECURSION = YES;
				CLANG_WARN_INT_CONVERSION = YES;
				CLANG_WARN_NON_LITERAL_NULL_CONVERSION = YES;
				CLANG_WARN_OBJC_IMPLICIT_RETAIN_SELF = YES;
				CLANG_WARN_OBJC_LITERAL_CONVERSION = YES;
				CLANG_WARN_OBJC_ROOT_CLASS = YES_ERROR;
				CLANG_WARN_RANGE_LOOP_ANALYSIS = YES;
				CLANG_WARN_STRICT_PROTOTYPES = YES;
				CLANG_WARN_SUSPICIOUS_MOVE = YES;
				CLANG_WARN_UNGUARDED_AVAILABILITY = YES_AGGRESSIVE;
				CLANG_WARN_UNREACHABLE_CODE = YES;
				CLANG_WARN__DUPLICATE_METHOD_MATCH = YES;
				CODE_SIGN_IDENTITY = "iPhone Developer";
				COPY_PHASE_STRIP = NO;
				DEBUG_INFORMATION_FORMAT = dwarf;
				ENABLE_STRICT_OBJC_MSGSEND = YES;
				ENABLE_TESTABILITY = YES;
				GCC_C_LANGUAGE_STANDARD = gnu11;
				GCC_DYNAMIC_NO_PIC = NO;
				GCC_NO_COMMON_BLOCKS = YES;
				GCC_OPTIMIZATION_LEVEL = 0;
				GCC_PREPROCESSOR_DEFINITIONS = (
					"DEBUG=1",
					"$(inherited)",
				);
				GCC_WARN_64_TO_32_BIT_CONVERSION = YES;
				GCC_WARN_ABOUT_RETURN_TYPE = YES_ERROR;
				GCC_WARN_UNDECLARED_SELECTOR = YES;
				GCC_WARN_UNINITIALIZED_AUTOS = YES_AGGRESSIVE;
				GCC_WARN_UNUSED_FUNCTION = YES;
				GCC_WARN_UNUSED_VARIABLE = YES;
				IPHONEOS_DEPLOYMENT_TARGET = 11.4;
				MTL_ENABLE_DEBUG_INFO = YES;
				ONLY_ACTIVE_ARCH = YES;
				SDKROOT = iphoneos;
				SWIFT_ACTIVE_COMPILATION_CONDITIONS = DEBUG;
				SWIFT_OPTIMIZATION_LEVEL = "-Onone";
			};
			name = Debug;
		};
		F03FB47E20E0961D00D0B58F /* Release */ = {
			isa = XCBuildConfiguration;
			buildSettings = {
				ALWAYS_SEARCH_USER_PATHS = NO;
				CLANG_ANALYZER_NONNULL = YES;
				CLANG_ANALYZER_NUMBER_OBJECT_CONVERSION = YES_AGGRESSIVE;
				CLANG_CXX_LANGUAGE_STANDARD = "gnu++14";
				CLANG_CXX_LIBRARY = "libc++";
				CLANG_ENABLE_MODULES = YES;
				CLANG_ENABLE_OBJC_ARC = YES;
				CLANG_ENABLE_OBJC_WEAK = YES;
				CLANG_WARN_BLOCK_CAPTURE_AUTORELEASING = YES;
				CLANG_WARN_BOOL_CONVERSION = YES;
				CLANG_WARN_COMMA = YES;
				CLANG_WARN_CONSTANT_CONVERSION = YES;
				CLANG_WARN_DEPRECATED_OBJC_IMPLEMENTATIONS = YES;
				CLANG_WARN_DIRECT_OBJC_ISA_USAGE = YES_ERROR;
				CLANG_WARN_DOCUMENTATION_COMMENTS = YES;
				CLANG_WARN_EMPTY_BODY = YES;
				CLANG_WARN_ENUM_CONVERSION = YES;
				CLANG_WARN_INFINITE_RECURSION = YES;
				CLANG_WARN_INT_CONVERSION = YES;
				CLANG_WARN_NON_LITERAL_NULL_CONVERSION = YES;
				CLANG_WARN_OBJC_IMPLICIT_RETAIN_SELF = YES;
				CLANG_WARN_OBJC_LITERAL_CONVERSION = YES;
				CLANG_WARN_OBJC_ROOT_CLASS = YES_ERROR;
				CLANG_WARN_RANGE_LOOP_ANALYSIS = YES;
				CLANG_WARN_STRICT_PROTOTYPES = YES;
				CLANG_WARN_SUSPICIOUS_MOVE = YES;
				CLANG_WARN_UNGUARDED_AVAILABILITY = YES_AGGRESSIVE;
				CLANG_WARN_UNREACHABLE_CODE = YES;
				CLANG_WARN__DUPLICATE_METHOD_MATCH = YES;
				CODE_SIGN_IDENTITY = "iPhone Developer";
				COPY_PHASE_STRIP = NO;
				DEBUG_INFORMATION_FORMAT = "dwarf-with-dsym";
				ENABLE_NS_ASSERTIONS = NO;
				ENABLE_STRICT_OBJC_MSGSEND = YES;
				GCC_C_LANGUAGE_STANDARD = gnu11;
				GCC_NO_COMMON_BLOCKS = YES;
				GCC_WARN_64_TO_32_BIT_CONVERSION = YES;
				GCC_WARN_ABOUT_RETURN_TYPE = YES_ERROR;
				GCC_WARN_UNDECLARED_SELECTOR = YES;
				GCC_WARN_UNINITIALIZED_AUTOS = YES_AGGRESSIVE;
				GCC_WARN_UNUSED_FUNCTION = YES;
				GCC_WARN_UNUSED_VARIABLE = YES;
				IPHONEOS_DEPLOYMENT_TARGET = 11.4;
				MTL_ENABLE_DEBUG_INFO = NO;
				SDKROOT = iphoneos;
				SWIFT_COMPILATION_MODE = wholemodule;
				SWIFT_OPTIMIZATION_LEVEL = "-O";
				VALIDATE_PRODUCT = YES;
			};
			name = Release;
		};
		F03FB48020E0961D00D0B58F /* Debug */ = {
			isa = XCBuildConfiguration;
			baseConfigurationReference = 637AFA953DEC835E2D14B493 /* Pods-ForumApp.debug.xcconfig */;
			buildSettings = {
				ASSETCATALOG_COMPILER_APPICON_NAME = AppIcon;
				CODE_SIGN_STYLE = Automatic;
				DEVELOPMENT_TEAM = KXZQJY69AA;
				INFOPLIST_FILE = ForumApp/Info.plist;
				LD_RUNPATH_SEARCH_PATHS = (
					"$(inherited)",
					"@executable_path/Frameworks",
				);
				PRODUCT_BUNDLE_IDENTIFIER = com.sa.ForumApp;
				PRODUCT_NAME = "$(TARGET_NAME)";
				SWIFT_VERSION = 5.0;
				TARGETED_DEVICE_FAMILY = "1,2";
			};
			name = Debug;
		};
		F03FB48120E0961D00D0B58F /* Release */ = {
			isa = XCBuildConfiguration;
			baseConfigurationReference = 7B0E56BCCE170EE903005503 /* Pods-ForumApp.release.xcconfig */;
			buildSettings = {
				ASSETCATALOG_COMPILER_APPICON_NAME = AppIcon;
				CODE_SIGN_STYLE = Automatic;
				DEVELOPMENT_TEAM = KXZQJY69AA;
				INFOPLIST_FILE = ForumApp/Info.plist;
				LD_RUNPATH_SEARCH_PATHS = (
					"$(inherited)",
					"@executable_path/Frameworks",
				);
				PRODUCT_BUNDLE_IDENTIFIER = com.sa.ForumApp;
				PRODUCT_NAME = "$(TARGET_NAME)";
				SWIFT_VERSION = 5.0;
				TARGETED_DEVICE_FAMILY = "1,2";
			};
			name = Release;
		};
		F03FB48320E0961D00D0B58F /* Debug */ = {
			isa = XCBuildConfiguration;
			baseConfigurationReference = 102E589F34432DC4CCA484B3 /* Pods-ForumAppUITests.debug.xcconfig */;
			buildSettings = {
				ALWAYS_EMBED_SWIFT_STANDARD_LIBRARIES = YES;
				CODE_SIGN_STYLE = Automatic;
				DEVELOPMENT_TEAM = KXZQJY69AA;
				INFOPLIST_FILE = ForumAppUITests/Info.plist;
				LD_RUNPATH_SEARCH_PATHS = (
					"$(inherited)",
					"@executable_path/Frameworks",
					"@loader_path/Frameworks",
				);
				PRODUCT_BUNDLE_IDENTIFIER = com.sa.ForumAppUITests;
				PRODUCT_NAME = "$(TARGET_NAME)";
				SWIFT_VERSION = 5.0;
				TARGETED_DEVICE_FAMILY = "1,2";
				TEST_TARGET_NAME = ForumApp;
			};
			name = Debug;
		};
		F03FB48420E0961D00D0B58F /* Release */ = {
			isa = XCBuildConfiguration;
			baseConfigurationReference = 39CEC3EA53A771D6DFC8845E /* Pods-ForumAppUITests.release.xcconfig */;
			buildSettings = {
				ALWAYS_EMBED_SWIFT_STANDARD_LIBRARIES = YES;
				CODE_SIGN_STYLE = Automatic;
				DEVELOPMENT_TEAM = KXZQJY69AA;
				INFOPLIST_FILE = ForumAppUITests/Info.plist;
				LD_RUNPATH_SEARCH_PATHS = (
					"$(inherited)",
					"@executable_path/Frameworks",
					"@loader_path/Frameworks",
				);
				PRODUCT_BUNDLE_IDENTIFIER = com.sa.ForumAppUITests;
				PRODUCT_NAME = "$(TARGET_NAME)";
				SWIFT_VERSION = 5.0;
				TARGETED_DEVICE_FAMILY = "1,2";
				TEST_TARGET_NAME = ForumApp;
			};
			name = Release;
		};
/* End XCBuildConfiguration section */

/* Begin XCConfigurationList section */
		F03FB45D20E0961A00D0B58F /* Build configuration list for PBXProject "ForumApp" */ = {
			isa = XCConfigurationList;
			buildConfigurations = (
				F03FB47D20E0961D00D0B58F /* Debug */,
				F03FB47E20E0961D00D0B58F /* Release */,
			);
			defaultConfigurationIsVisible = 0;
			defaultConfigurationName = Release;
		};
		F03FB47F20E0961D00D0B58F /* Build configuration list for PBXNativeTarget "ForumApp" */ = {
			isa = XCConfigurationList;
			buildConfigurations = (
				F03FB48020E0961D00D0B58F /* Debug */,
				F03FB48120E0961D00D0B58F /* Release */,
			);
			defaultConfigurationIsVisible = 0;
			defaultConfigurationName = Release;
		};
		F03FB48220E0961D00D0B58F /* Build configuration list for PBXNativeTarget "ForumAppUITests" */ = {
			isa = XCConfigurationList;
			buildConfigurations = (
				F03FB48320E0961D00D0B58F /* Debug */,
				F03FB48420E0961D00D0B58F /* Release */,
			);
			defaultConfigurationIsVisible = 0;
			defaultConfigurationName = Release;
		};
/* End XCConfigurationList section */
	};
	rootObject = F03FB45A20E0961A00D0B58F /* Project object */;
}
